
Microsoft Visual Studio Solution File, Format Version 12.00
# Visual Studio 15
VisualStudioVersion = 15.0.28307.136
MinimumVisualStudioVersion = 10.0.40219.1
Project("{8BC9CEB8-8B4A-11D0-8D11-00A0C91BC942}") = "Photo Editor", "Photo Editor\Photo Editor.vcxproj", "{5579E475-BB8F-458B-A4AA-1BD9B726DC8D}"
EndProject
Global
	GlobalSection(SolutionConfigurationPlatforms) = preSolution
		Debug|x64 = Debug|x64
		Debug|x86 = Debug|x86
		Release|x64 = Release|x64
		Release|x86 = Release|x86
	EndGlobalSection
	GlobalSection(ProjectConfigurationPlatforms) = postSolution
		{5579E475-BB8F-458B-A4AA-1BD9B726DC8D}.Debug|x64.ActiveCfg = Debug|x64
		{5579E475-BB8F-458B-A4AA-1BD9B726DC8D}.Debug|x64.Build.0 = Debug|x64
		{5579E475-BB8F-458B-A4AA-1BD9B726DC8D}.Debug|x86.ActiveCfg = Debug|Win32
		{5579E475-BB8F-458B-A4AA-1BD9B726DC8D}.Debug|x86.Build.0 = Debug|Win32
		{5579E475-BB8F-458B-A4AA-1BD9B726DC8D}.Release|x64.ActiveCfg = Release|x64
		{5579E475-BB8F-458B-A4AA-1BD9B726DC8D}.Release|x64.Build.0 = Release|x64
		{5579E475-BB8F-458B-A4AA-1BD9B726DC8D}.Release|x86.ActiveCfg = Release|Win32
		{5579E475-BB8F-458B-A4AA-1BD9B726DC8D}.Release|x86.Build.0 = Release|Win32
	EndGlobalSection
	GlobalSection(SolutionProperties) = preSolution
		HideSolutionNode = FALSE
	EndGlobalSection
	GlobalSection(ExtensibilityGlobals) = postSolution
		SolutionGuid = {24AD9B73-053F-4AB1-98E9-AE0DCA74EE75}
	EndGlobalSection
EndGlobal
